
Microsoft Visual Studio Solution File, Format Version 12.00
# Visual Studio Version 16
VisualStudioVersion = 16.0.30907.101
MinimumVisualStudioVersion = 10.0.40219.1
Project("{FAE04EC0-301F-11D3-BF4B-00C04F79EFBC}") = "CsvExporter", "CsvExporter.csproj", "{BCD1CE63-C8AA-4C8E-9C9F-9DDA4916D8DF}"
EndProject
Global
	GlobalSection(SolutionConfigurationPlatforms) = preSolution
		Debug|Any CPU = Debug|Any CPU
		Release|Any CPU = Release|Any CPU
	EndGlobalSection
	GlobalSection(ProjectConfigurationPlatforms) = postSolution
		{BCD1CE63-C8AA-4C8E-9C9F-9DDA4916D8DF}.Debug|Any CPU.ActiveCfg = Debug|Any CPU
		{BCD1CE63-C8AA-4C8E-9C9F-9DDA4916D8DF}.Debug|Any CPU.Build.0 = Debug|Any CPU
		{BCD1CE63-C8AA-4C8E-9C9F-9DDA4916D8DF}.Release|Any CPU.ActiveCfg = Release|Any CPU
		{BCD1CE63-C8AA-4C8E-9C9F-9DDA4916D8DF}.Release|Any CPU.Build.0 = Release|Any CPU
	EndGlobalSection
	GlobalSection(SolutionProperties) = preSolution
		HideSolutionNode = FALSE
	EndGlobalSection
	GlobalSection(ExtensibilityGlobals) = postSolution
		SolutionGuid = {4AE07A97-5230-4CC0-904E-B6422F5F7642}
	EndGlobalSection
EndGlobal
